Microsoft Visual Studio Solution File, Format Version 12.00
# Visual Studio Version 17
VisualStudioVersion = 17.5.2.0
MinimumVisualStudioVersion = 10.0.40219.1
Project("{FAE04EC0-301F-11D3-BF4B-00C04F79EFBC}") = "RegionKit", "RegionKit.csproj", "{23BF115A-4453-FE5C-F985-2E5AFCEAC7A1}"
EndProject
Global
	GlobalSection(SolutionConfigurationPlatforms) = preSolution
		Debug|Any CPU = Debug|Any CPU
		Release|Any CPU = Release|Any CPU
	EndGlobalSection
	GlobalSection(ProjectConfigurationPlatforms) = postSolution
		{23BF115A-4453-FE5C-F985-2E5AFCEAC7A1}.Debug|Any CPU.ActiveCfg = Debug|Any CPU
		{23BF115A-4453-FE5C-F985-2E5AFCEAC7A1}.Debug|Any CPU.Build.0 = Debug|Any CPU
		{23BF115A-4453-FE5C-F985-2E5AFCEAC7A1}.Release|Any CPU.ActiveCfg = Release|Any CPU
		{23BF115A-4453-FE5C-F985-2E5AFCEAC7A1}.Release|Any CPU.Build.0 = Release|Any CPU
	EndGlobalSection
	GlobalSection(SolutionProperties) = preSolution
		HideSolutionNode = FALSE
	EndGlobalSection
	GlobalSection(ExtensibilityGlobals) = postSolution
		SolutionGuid = {2A62A2C6-A3C5-4337-AD79-D712C2057005}
	EndGlobalSection
EndGlobal
